PODS:
  - AuthSDK (0.1.0):
    - R.swift
    - UIComponents
  - R.swift (6.1.0):
    - R.swift.Library (~> 5.3.0)
  - R.swift.Library (5.3.0)
  - SnapKit (5.6.0)
  - SwiftLint (0.51.0)
  - UIComponents (0.1.0):
    - R.swift
    - SnapKit

DEPENDENCIES:
  - AuthSDK (from `./Frameworks/AuthSDK`)
  - R.swift (~> 6)
  - SnapKit (~> 5)
  - SwiftLint (~> 0)
  - UIComponents (from `./Frameworks/UIComponents`)

SPEC REPOS:
  trunk:
    - R.swift
    - R.swift.Library
    - SnapKit
    - SwiftLint

EXTERNAL SOURCES:
  AuthSDK:
    :path: "./Frameworks/AuthSDK"
  UIComponents:
    :path: "./Frameworks/UIComponents"

SPEC CHECKSUMS:
  AuthSDK: 641d0162b4331a12768381f53d4ba316a2ef67ee
  R.swift: ec98ff71c4ab2f6fd01dd077e5afd15e63a4834c
  R.swift.Library: 0fc583cb55a99e28901299cc451614cad1161962
  SnapKit: e01d52ebb8ddbc333eefe2132acf85c8227d9c25
  SwiftLint: 1b7561918a19e23bfed960e40759086e70f4dba5
  UIComponents: 7ba5157d65ce8abed7220445d46bef68dcd0eef1

PODFILE CHECKSUM: f00237c6dceb1a80f85eeb8c65591a37b498d915

COCOAPODS: 1.12.1
