// !$*UTF8*$!
{
	archiveVersion = 1;
	classes = {
	};
	objectVersion = 56;
	objects = {

/* Begin PBXBuildFile section */
		3551EF4B29F1879100B82D15 /* AppDelegate.swift in Sources */ = {isa = PBXBuildFile; fileRef = 3551EF4A29F1879100B82D15 /* AppDelegate.swift */; };
		3551EF4D29F1879100B82D15 /* SceneDelegate.swift in Sources */ = {isa = PBXBuildFile; fileRef = 3551EF4C29F1879100B82D15 /* SceneDelegate.swift */; };
		3551EF4F29F1879100B82D15 /* ViewController.swift in Sources */ = {isa = PBXBuildFile; fileRef = 3551EF4E29F1879100B82D15 /* ViewController.swift */; };
		3551EF5429F1879200B82D15 /* Assets.xcassets in Resources */ = {isa = PBXBuildFile; fileRef = 3551EF5329F1879200B82D15 /* Assets.xcassets */; };
		3551EF5729F1879200B82D15 /* LaunchScreen.storyboard in Resources */ = {isa = PBXBuildFile; fileRef = 3551EF5529F1879200B82D15 /* LaunchScreen.storyboard */; };
		3551EF6429F1B72900B82D15 /* R.generated.swift in Sources */ = {isa = PBXBuildFile; fileRef = 3551EF6329F1B72900B82D15 /* R.generated.swift */; };
		631F23DB168BD21FA17CC53B /* Pods_WorkTimeApp.framework in Frameworks */ = {isa = PBXBuildFile; fileRef = D018A75C89C6067CAED8A9A2 /* Pods_WorkTimeApp.framework */; };
/* End PBXBuildFile section */

/* Begin PBXFileReference section */
		3551EF4729F1879100B82D15 /* WorkTimeApp.app */ = {isa = PBXFileReference; explicitFileType = wrapper.application; includeInIndex = 0; path = WorkTimeApp.app; sourceTree = BUILT_PRODUCTS_DIR; };
		3551EF4A29F1879100B82D15 /* AppDelegate.swift */ = {isa = PBXFileReference; lastKnownFileType = sourcecode.swift; path = AppDelegate.swift; sourceTree = "<group>"; };
		3551EF4C29F1879100B82D15 /* SceneDelegate.swift */ = {isa = PBXFileReference; lastKnownFileType = sourcecode.swift; path = SceneDelegate.swift; sourceTree = "<group>"; };
		3551EF4E29F1879100B82D15 /* ViewController.swift */ = {isa = PBXFileReference; lastKnownFileType = sourcecode.swift; path = ViewController.swift; sourceTree = "<group>"; };
		3551EF5329F1879200B82D15 /* Assets.xcassets */ = {isa = PBXFileReference; lastKnownFileType = folder.assetcatalog; path = Assets.xcassets; sourceTree = "<group>"; };
		3551EF5629F1879200B82D15 /* Base */ = {isa = PBXFileReference; lastKnownFileType = file.storyboard; name = Base; path = Base.lproj/LaunchScreen.storyboard; sourceTree = "<group>"; };
		3551EF5829F1879200B82D15 /* Info.plist */ = {isa = PBXFileReference; lastKnownFileType = text.plist.xml; path = Info.plist; sourceTree = "<group>"; };
		3551EF6329F1B72900B82D15 /* R.generated.swift */ = {isa = PBXFileReference; fileEncoding = 4; lastKnownFileType = sourcecode.swift; path = R.generated.swift; sourceTree = "<group>"; };
		87F5D12F0DCC06B2AC55A139 /* Pods-WorkTimeApp.release.xcconfig */ = {isa = PBXFileReference; includeInIndex = 1; lastKnownFileType = text.xcconfig; name = "Pods-WorkTimeApp.release.xcconfig"; path = "Target Support Files/Pods-WorkTimeApp/Pods-WorkTimeApp.release.xcconfig"; sourceTree = "<group>"; };
		CB9DA1F3D9436E66AAE7456D /* Pods-WorkTimeApp.debug.xcconfig */ = {isa = PBXFileReference; includeInIndex = 1; lastKnownFileType = text.xcconfig; name = "Pods-WorkTimeApp.debug.xcconfig"; path = "Target Support Files/Pods-WorkTimeApp/Pods-WorkTimeApp.debug.xcconfig"; sourceTree = "<group>"; };
		D018A75C89C6067CAED8A9A2 /* Pods_WorkTimeApp.framework */ = {isa = PBXFileReference; explicitFileType = wrapper.framework; includeInIndex = 0; path = Pods_WorkTimeApp.framework; sourceTree = BUILT_PRODUCTS_DIR; };
/* End PBXFileReference section */

/* Begin PBXFrameworksBuildPhase section */
		3551EF4429F1879100B82D15 /* Frameworks */ = {
			isa = PBXFrameworksBuildPhase;
			buildActionMask = 2147483647;
			files = (
				631F23DB168BD21FA17CC53B /* Pods_WorkTimeApp.framework in Frameworks */,
			);
			runOnlyForDeploymentPostprocessing = 0;
		};
/* End PBXFrameworksBuildPhase section */

/* Begin PBXGroup section */
		0BBCAB4CF505BF8375ADC92B /* Pods */ = {
			isa = PBXGroup;
			children = (
				CB9DA1F3D9436E66AAE7456D /* Pods-WorkTimeApp.debug.xcconfig */,
				87F5D12F0DCC06B2AC55A139 /* Pods-WorkTimeApp.release.xcconfig */,
			);
			path = Pods;
			sourceTree = "<group>";
		};
		3551EF3E29F1879100B82D15 = {
			isa = PBXGroup;
			children = (
				3551EF4929F1879100B82D15 /* WorkTimeApp */,
				3551EF4829F1879100B82D15 /* Products */,
				0BBCAB4CF505BF8375ADC92B /* Pods */,
				E4BADE6EF8BC1D535B49C0D1 /* Frameworks */,
			);
			sourceTree = "<group>";
		};
		3551EF4829F1879100B82D15 /* Products */ = {
			isa = PBXGroup;
			children = (
				3551EF4729F1879100B82D15 /* WorkTimeApp.app */,
			);
			name = Products;
			sourceTree = "<group>";
		};
		3551EF4929F1879100B82D15 /* WorkTimeApp */ = {
			isa = PBXGroup;
			children = (
				3551EF6129F1B64E00B82D15 /* Resources */,
				3551EF5F29F1887500B82D15 /* Application */,
				3551EF5E29F1885C00B82D15 /* SupportingFiles */,
				3551EF4E29F1879100B82D15 /* ViewController.swift */,
			);
			path = WorkTimeApp;
			sourceTree = "<group>";
		};
		3551EF5E29F1885C00B82D15 /* SupportingFiles */ = {
			isa = PBXGroup;
			children = (
				3551EF5329F1879200B82D15 /* Assets.xcassets */,
				3551EF5529F1879200B82D15 /* LaunchScreen.storyboard */,
				3551EF5829F1879200B82D15 /* Info.plist */,
			);
			path = SupportingFiles;
			sourceTree = "<group>";
		};
		3551EF5F29F1887500B82D15 /* Application */ = {
			isa = PBXGroup;
			children = (
				3551EF4A29F1879100B82D15 /* AppDelegate.swift */,
				3551EF4C29F1879100B82D15 /* SceneDelegate.swift */,
			);
			path = Application;
			sourceTree = "<group>";
		};
		3551EF6129F1B64E00B82D15 /* Resources */ = {
			isa = PBXGroup;
			children = (
				3551EF6229F1B6DB00B82D15 /* Generated */,
			);
			path = Resources;
			sourceTree = "<group>";
		};
		3551EF6229F1B6DB00B82D15 /* Generated */ = {
			isa = PBXGroup;
			children = (
				3551EF6329F1B72900B82D15 /* R.generated.swift */,
			);
			path = Generated;
			sourceTree = "<group>";
		};
		E4BADE6EF8BC1D535B49C0D1 /* Frameworks */ = {
			isa = PBXGroup;
			children = (
				D018A75C89C6067CAED8A9A2 /* Pods_WorkTimeApp.framework */,
			);
			name = Frameworks;
			sourceTree = "<group>";
		};
/* End PBXGroup section */

/* Begin PBXNativeTarget section */
		3551EF4629F1879100B82D15 /* WorkTimeApp */ = {
			isa = PBXNativeTarget;
			buildConfigurationList = 3551EF5B29F1879200B82D15 /* Build configuration list for PBXNativeTarget "WorkTimeApp" */;
			buildPhases = (
				181BBF18A69B2A40D59CA65C /* [CP] Check Pods Manifest.lock */,
				3551EF4329F1879100B82D15 /* Sources */,
				3551EF4429F1879100B82D15 /* Frameworks */,
				3551EF4529F1879100B82D15 /* Resources */,
				7915260C204F4CFF8204AB4E /* [CP] Embed Pods Frameworks */,
				3551EF6029F1B5D000B82D15 /* R Generate */,
			);
			buildRules = (
			);
			dependencies = (
			);
			name = WorkTimeApp;
			productName = WorkTimeApp;
			productReference = 3551EF4729F1879100B82D15 /* WorkTimeApp.app */;
			productType = "com.apple.product-type.application";
		};
/* End PBXNativeTarget section */

/* Begin PBXProject section */
		3551EF3F29F1879100B82D15 /* Project object */ = {
			isa = PBXProject;
			attributes = {
				BuildIndependentTargetsInParallel = 1;
				LastSwiftUpdateCheck = 1430;
				LastUpgradeCheck = 1430;
				TargetAttributes = {
					3551EF4629F1879100B82D15 = {
						CreatedOnToolsVersion = 14.3;
					};
				};
			};
			buildConfigurationList = 3551EF4229F1879100B82D15 /* Build configuration list for PBXProject "WorkTimeApp" */;
			compatibilityVersion = "Xcode 14.0";
			developmentRegion = en;
			hasScannedForEncodings = 0;
			knownRegions = (
				en,
				Base,
			);
			mainGroup = 3551EF3E29F1879100B82D15;
			productRefGroup = 3551EF4829F1879100B82D15 /* Products */;
			projectDirPath = "";
			projectRoot = "";
			targets = (
				3551EF4629F1879100B82D15 /* WorkTimeApp */,
			);
		};
/* End PBXProject section */

/* Begin PBXResourcesBuildPhase section */
		3551EF4529F1879100B82D15 /* Resources */ = {
			isa = PBXResourcesBuildPhase;
			buildActionMask = 2147483647;
			files = (
				3551EF5729F1879200B82D15 /* LaunchScreen.storyboard in Resources */,
				3551EF5429F1879200B82D15 /* Assets.xcassets in Resources */,
			);
			runOnlyForDeploymentPostprocessing = 0;
		};
/* End PBXResourcesBuildPhase section */

/* Begin PBXShellScriptBuildPhase section */
		181BBF18A69B2A40D59CA65C /* [CP] Check Pods Manifest.lock */ = {
			isa = PBXShellScriptBuildPhase;
			buildActionMask = 2147483647;
			files = (
			);
			inputFileListPaths = (
			);
			inputPaths = (
				"${PODS_PODFILE_DIR_PATH}/Podfile.lock",
				"${PODS_ROOT}/Manifest.lock",
			);
			name = "[CP] Check Pods Manifest.lock";
			outputFileListPaths = (
			);
			outputPaths = (
				"$(DERIVED_FILE_DIR)/Pods-WorkTimeApp-checkManifestLockResult.txt",
			);
			runOnlyForDeploymentPostprocessing = 0;
			shellPath = /bin/sh;
			shellScript = "diff \"${PODS_PODFILE_DIR_PATH}/Podfile.lock\" \"${PODS_ROOT}/Manifest.lock\" > /dev/null\nif [ $? != 0 ] ; then\n    # print error to STDERR\n    echo \"error: The sandbox is not in sync with the Podfile.lock. Run 'pod install' or update your CocoaPods installation.\" >&2\n    exit 1\nfi\n# This output is used by Xcode 'outputs' to avoid re-running this script phase.\necho \"SUCCESS\" > \"${SCRIPT_OUTPUT_FILE_0}\"\n";
			showEnvVarsInLog = 0;
		};
		3551EF6029F1B5D000B82D15 /* R Generate */ = {
			isa = PBXShellScriptBuildPhase;
			alwaysOutOfDate = 1;
			buildActionMask = 2147483647;
			files = (
			);
			inputFileListPaths = (
			);
			inputPaths = (
			);
			name = "R Generate";
			outputFileListPaths = (
			);
			outputPaths = (
			);
			runOnlyForDeploymentPostprocessing = 0;
			shellPath = /bin/sh;
			shellScript = "\"$PODS_ROOT/R.swift/rswift\" generate \"$SRCROOT/WorkTimeApp/Resources/Generated/R.generated.swift\"\n";
		};
		7915260C204F4CFF8204AB4E /* [CP] Embed Pods Frameworks */ = {
			isa = PBXShellScriptBuildPhase;
			buildActionMask = 2147483647;
			files = (
			);
			inputFileListPaths = (
				"${PODS_ROOT}/Target Support Files/Pods-WorkTimeApp/Pods-WorkTimeApp-frameworks-${CONFIGURATION}-input-files.xcfilelist",
			);
			name = "[CP] Embed Pods Frameworks";
			outputFileListPaths = (
				"${PODS_ROOT}/Target Support Files/Pods-WorkTimeApp/Pods-WorkTimeApp-frameworks-${CONFIGURATION}-output-files.xcfilelist",
			);
			runOnlyForDeploymentPostprocessing = 0;
			shellPath = /bin/sh;
			shellScript = "\"${PODS_ROOT}/Target Support Files/Pods-WorkTimeApp/Pods-WorkTimeApp-frameworks.sh\"\n";
			showEnvVarsInLog = 0;
		};
/* End PBXShellScriptBuildPhase section */

/* Begin PBXSourcesBuildPhase section */
		3551EF4329F1879100B82D15 /* Sources */ = {
			isa = PBXSourcesBuildPhase;
			buildActionMask = 2147483647;
			files = (
				3551EF4F29F1879100B82D15 /* ViewController.swift in Sources */,
				3551EF4B29F1879100B82D15 /* AppDelegate.swift in Sources */,
				3551EF4D29F1879100B82D15 /* SceneDelegate.swift in Sources */,
				3551EF6429F1B72900B82D15 /* R.generated.swift in Sources */,
			);
			runOnlyForDeploymentPostprocessing = 0;
		};
/* End PBXSourcesBuildPhase section */

/* Begin PBXVariantGroup section */
		3551EF5529F1879200B82D15 /* LaunchScreen.storyboard */ = {
			isa = PBXVariantGroup;
			children = (
				3551EF5629F1879200B82D15 /* Base */,
			);
			name = LaunchScreen.storyboard;
			sourceTree = "<group>";
		};
/* End PBXVariantGroup section */

/* Begin XCBuildConfiguration section */
		3551EF5929F1879200B82D15 /* Debug */ = {
			isa = XCBuildConfiguration;
			buildSettings = {
				ALWAYS_SEARCH_USER_PATHS = NO;
				CLANG_ANALYZER_NONNULL = YES;
				CLANG_ANALYZER_NUMBER_OBJECT_CONVERSION = YES_AGGRESSIVE;
				CLANG_CXX_LANGUAGE_STANDARD = "gnu++20";
				CLANG_ENABLE_MODULES = YES;
				CLANG_ENABLE_OBJC_ARC = YES;
				CLANG_ENABLE_OBJC_WEAK = YES;
				CLANG_WARN_BLOCK_CAPTURE_AUTORELEASING = YES;
				CLANG_WARN_BOOL_CONVERSION = YES;
				CLANG_WARN_COMMA = YES;
				CLANG_WARN_CONSTANT_CONVERSION = YES;
				CLANG_WARN_DEPRECATED_OBJC_IMPLEMENTATIONS = YES;
				CLANG_WARN_DIRECT_OBJC_ISA_USAGE = YES_ERROR;
				CLANG_WARN_DOCUMENTATION_COMMENTS = YES;
				CLANG_WARN_EMPTY_BODY = YES;
				CLANG_WARN_ENUM_CONVERSION = YES;
				CLANG_WARN_INFINITE_RECURSION = YES;
				CLANG_WARN_INT_CONVERSION = YES;
				CLANG_WARN_NON_LITERAL_NULL_CONVERSION = YES;
				CLANG_WARN_OBJC_IMPLICIT_RETAIN_SELF = YES;
				CLANG_WARN_OBJC_LITERAL_CONVERSION = YES;
				CLANG_WARN_OBJC_ROOT_CLASS = YES_ERROR;
				CLANG_WARN_QUOTED_INCLUDE_IN_FRAMEWORK_HEADER = YES;
				CLANG_WARN_RANGE_LOOP_ANALYSIS = YES;
				CLANG_WARN_STRICT_PROTOTYPES = YES;
				CLANG_WARN_SUSPICIOUS_MOVE = YES;
				CLANG_WARN_UNGUARDED_AVAILABILITY = YES_AGGRESSIVE;
				CLANG_WARN_UNREACHABLE_CODE = YES;
				CLANG_WARN__DUPLICATE_METHOD_MATCH = YES;
				COPY_PHASE_STRIP = NO;
				DEBUG_INFORMATION_FORMAT = dwarf;
				ENABLE_STRICT_OBJC_MSGSEND = YES;
				ENABLE_TESTABILITY = YES;
				GCC_C_LANGUAGE_STANDARD = gnu11;
				GCC_DYNAMIC_NO_PIC = NO;
				GCC_NO_COMMON_BLOCKS = YES;
				GCC_OPTIMIZATION_LEVEL = 0;
				GCC_PREPROCESSOR_DEFINITIONS = (
					"DEBUG=1",
					"$(inherited)",
				);
				GCC_WARN_64_TO_32_BIT_CONVERSION = YES;
				GCC_WARN_ABOUT_RETURN_TYPE = YES_ERROR;
				GCC_WARN_UNDECLARED_SELECTOR = YES;
				GCC_WARN_UNINITIALIZED_AUTOS = YES_AGGRESSIVE;
				GCC_WARN_UNUSED_FUNCTION = YES;
				GCC_WARN_UNUSED_VARIABLE = YES;
				IPHONEOS_DEPLOYMENT_TARGET = 16.4;
				MTL_ENABLE_DEBUG_INFO = INCLUDE_SOURCE;
				MTL_FAST_MATH = YES;
				ONLY_ACTIVE_ARCH = YES;
				SDKROOT = iphoneos;
				SWIFT_ACTIVE_COMPILATION_CONDITIONS = DEBUG;
				SWIFT_OPTIMIZATION_LEVEL = "-Onone";
			};
			name = Debug;
		};
		3551EF5A29F1879200B82D15 /* Release */ = {
			isa = XCBuildConfiguration;
			buildSettings = {
				ALWAYS_SEARCH_USER_PATHS = NO;
				CLANG_ANALYZER_NONNULL = YES;
				CLANG_ANALYZER_NUMBER_OBJECT_CONVERSION = YES_AGGRESSIVE;
				CLANG_CXX_LANGUAGE_STANDARD = "gnu++20";
				CLANG_ENABLE_MODULES = YES;
				CLANG_ENABLE_OBJC_ARC = YES;
				CLANG_ENABLE_OBJC_WEAK = YES;
				CLANG_WARN_BLOCK_CAPTURE_AUTORELEASING = YES;
				CLANG_WARN_BOOL_CONVERSION = YES;
				CLANG_WARN_COMMA = YES;
				CLANG_WARN_CONSTANT_CONVERSION = YES;
				CLANG_WARN_DEPRECATED_OBJC_IMPLEMENTATIONS = YES;
				CLANG_WARN_DIRECT_OBJC_ISA_USAGE = YES_ERROR;
				CLANG_WARN_DOCUMENTATION_COMMENTS = YES;
				CLANG_WARN_EMPTY_BODY = YES;
				CLANG_WARN_ENUM_CONVERSION = YES;
				CLANG_WARN_INFINITE_RECURSION = YES;
				CLANG_WARN_INT_CONVERSION = YES;
				CLANG_WARN_NON_LITERAL_NULL_CONVERSION = YES;
				CLANG_WARN_OBJC_IMPLICIT_RETAIN_SELF = YES;
				CLANG_WARN_OBJC_LITERAL_CONVERSION = YES;
				CLANG_WARN_OBJC_ROOT_CLASS = YES_ERROR;
				CLANG_WARN_QUOTED_INCLUDE_IN_FRAMEWORK_HEADER = YES;
				CLANG_WARN_RANGE_LOOP_ANALYSIS = YES;
				CLANG_WARN_STRICT_PROTOTYPES = YES;
				CLANG_WARN_SUSPICIOUS_MOVE = YES;
				CLANG_WARN_UNGUARDED_AVAILABILITY = YES_AGGRESSIVE;
				CLANG_WARN_UNREACHABLE_CODE = YES;
				CLANG_WARN__DUPLICATE_METHOD_MATCH = YES;
				COPY_PHASE_STRIP = NO;
				DEBUG_INFORMATION_FORMAT = "dwarf-with-dsym";
				ENABLE_NS_ASSERTIONS = NO;
				ENABLE_STRICT_OBJC_MSGSEND = YES;
				GCC_C_LANGUAGE_STANDARD = gnu11;
				GCC_NO_COMMON_BLOCKS = YES;
				GCC_WARN_64_TO_32_BIT_CONVERSION = YES;
				GCC_WARN_ABOUT_RETURN_TYPE = YES_ERROR;
				GCC_WARN_UNDECLARED_SELECTOR = YES;
				GCC_WARN_UNINITIALIZED_AUTOS = YES_AGGRESSIVE;
				GCC_WARN_UNUSED_FUNCTION = YES;
				GCC_WARN_UNUSED_VARIABLE = YES;
				IPHONEOS_DEPLOYMENT_TARGET = 16.4;
				MTL_ENABLE_DEBUG_INFO = NO;
				MTL_FAST_MATH = YES;
				SDKROOT = iphoneos;
				SWIFT_COMPILATION_MODE = wholemodule;
				SWIFT_OPTIMIZATION_LEVEL = "-O";
				VALIDATE_PRODUCT = YES;
			};
			name = Release;
		};
		3551EF5C29F1879200B82D15 /* Debug */ = {
			isa = XCBuildConfiguration;
			baseConfigurationReference = CB9DA1F3D9436E66AAE7456D /* Pods-WorkTimeApp.debug.xcconfig */;
			buildSettings = {
				ASSETCATALOG_COMPILER_APPICON_NAME = AppIcon;
				ASSETCATALOG_COMPILER_GLOBAL_ACCENT_COLOR_NAME = AccentColor;
				CODE_SIGN_STYLE = Automatic;
				CURRENT_PROJECT_VERSION = 1;
				DEVELOPMENT_TEAM = 7GR66NG8SN;
				GENERATE_INFOPLIST_FILE = YES;
				INFOPLIST_FILE = WorkTimeApp/SupportingFiles/Info.plist;
				INFOPLIST_KEY_UIApplicationSupportsIndirectInputEvents = YES;
				INFOPLIST_KEY_UILaunchStoryboardName = LaunchScreen;
				INFOPLIST_KEY_UIMainStoryboardFile = "";
				INFOPLIST_KEY_UISupportedInterfaceOrientations = UIInterfaceOrientationPortrait;
				INFOPLIST_KEY_UISupportedInterfaceOrientations_iPad = "UIInterfaceOrientationLandscapeLeft UIInterfaceOrientationLandscapeRight UIInterfaceOrientationPortrait UIInterfaceOrientationPortraitUpsideDown";
				IPHONEOS_DEPLOYMENT_TARGET = 14.0;
				LD_RUNPATH_SEARCH_PATHS = (
					"$(inherited)",
					"@executable_path/Frameworks",
				);
				MARKETING_VERSION = 1.0;
				PRODUCT_BUNDLE_IDENTIFIER = com.silencepeaceoff.WorkTimeApp;
				PRODUCT_NAME = "$(TARGET_NAME)";
				SWIFT_EMIT_LOC_STRINGS = YES;
				SWIFT_VERSION = 5.0;
				TARGETED_DEVICE_FAMILY = "1,2";
			};
			name = Debug;
		};
		3551EF5D29F1879200B82D15 /* Release */ = {
			isa = XCBuildConfiguration;
			baseConfigurationReference = 87F5D12F0DCC06B2AC55A139 /* Pods-WorkTimeApp.release.xcconfig */;
			buildSettings = {
				ASSETCATALOG_COMPILER_APPICON_NAME = AppIcon;
				ASSETCATALOG_COMPILER_GLOBAL_ACCENT_COLOR_NAME = AccentColor;
				CODE_SIGN_STYLE = Automatic;
				CURRENT_PROJECT_VERSION = 1;
				DEVELOPMENT_TEAM = 7GR66NG8SN;
				GENERATE_INFOPLIST_FILE = YES;
				INFOPLIST_FILE = WorkTimeApp/SupportingFiles/Info.plist;
				INFOPLIST_KEY_UIApplicationSupportsIndirectInputEvents = YES;
				INFOPLIST_KEY_UILaunchStoryboardName = LaunchScreen;
				INFOPLIST_KEY_UIMainStoryboardFile = "";
				INFOPLIST_KEY_UISupportedInterfaceOrientations = UIInterfaceOrientationPortrait;
				INFOPLIST_KEY_UISupportedInterfaceOrientations_iPad = "UIInterfaceOrientationLandscapeLeft UIInterfaceOrientationLandscapeRight UIInterfaceOrientationPortrait UIInterfaceOrientationPortraitUpsideDown";
				IPHONEOS_DEPLOYMENT_TARGET = 14.0;
				LD_RUNPATH_SEARCH_PATHS = (
					"$(inherited)",
					"@executable_path/Frameworks",
				);
				MARKETING_VERSION = 1.0;
				PRODUCT_BUNDLE_IDENTIFIER = com.silencepeaceoff.WorkTimeApp;
				PRODUCT_NAME = "$(TARGET_NAME)";
				SWIFT_EMIT_LOC_STRINGS = YES;
				SWIFT_VERSION = 5.0;
				TARGETED_DEVICE_FAMILY = "1,2";
			};
			name = Release;
		};
/* End XCBuildConfiguration section */

/* Begin XCConfigurationList section */
		3551EF4229F1879100B82D15 /* Build configuration list for PBXProject "WorkTimeApp" */ = {
			isa = XCConfigurationList;
			buildConfigurations = (
				3551EF5929F1879200B82D15 /* Debug */,
				3551EF5A29F1879200B82D15 /* Release */,
			);
			defaultConfigurationIsVisible = 0;
			defaultConfigurationName = Release;
		};
		3551EF5B29F1879200B82D15 /* Build configuration list for PBXNativeTarget "WorkTimeApp" */ = {
			isa = XCConfigurationList;
			buildConfigurations = (
				3551EF5C29F1879200B82D15 /* Debug */,
				3551EF5D29F1879200B82D15 /* Release */,
			);
			defaultConfigurationIsVisible = 0;
			defaultConfigurationName = Release;
		};
/* End XCConfigurationList section */
	};
	rootObject = 3551EF3F29F1879100B82D15 /* Project object */;
}
